
Microsoft Visual Studio Solution File, Format Version 12.00
# Visual Studio Version 17
VisualStudioVersion = 17.5.33516.290
MinimumVisualStudioVersion = 10.0.40219.1
Project("{2150E333-8FDC-42A3-9474-1A3956D46DE8}") = "Core", "Core", "{B2D25783-8C83-4C08-8782-BD070FE6DE4F}"
EndProject
Project("{2150E333-8FDC-42A3-9474-1A3956D46DE8}") = "Implementations", "Implementations", "{93F93A7D-E1D4-4AFC-B407-C8796CCDB350}"
EndProject
Project("{2150E333-8FDC-42A3-9474-1A3956D46DE8}") = "Presentations", "Presentations", "{481C6994-00D8-4659-8011-D1E4E94970D6}"
EndProject
Project("{2150E333-8FDC-42A3-9474-1A3956D46DE8}") = "Tests", "Tests", "{CFB3F115-CC9C-4F1D-9572-11DB58B27F75}"
EndProject
Project("{9A19103F-16F7-4668-BE54-9A1E7A4F7556}") = "CarMax.Domain", "Core\CarMax.Domain\CarMax.Domain.csproj", "{5FC851BA-2D95-40A1-864F-05DC7391AF6C}"
EndProject
Project("{9A19103F-16F7-4668-BE54-9A1E7A4F7556}") = "CarMax.Application", "Core\CarMax.Application\CarMax.Application.csproj", "{1ADBD499-4108-4EA1-851A-1D805C3C95CC}"
EndProject
Project("{9A19103F-16F7-4668-BE54-9A1E7A4F7556}") = "CarMax.Infrastructure", "Implementations\CarMax.Infrastructure\CarMax.Infrastructure.csproj", "{EA8BDFAC-7DA9-4DCE-AAB0-D65A098FF250}"
EndProject
Project("{9A19103F-16F7-4668-BE54-9A1E7A4F7556}") = "CarMax.Persistence", "Implementations\CarMax.Persistence\CarMax.Persistence.csproj", "{C5B4DE9F-5326-4E7E-B32C-EAD1662AECA8}"
EndProject
Project("{9A19103F-16F7-4668-BE54-9A1E7A4F7556}") = "CarMax.WebApi", "Presentations\CarMax.WebApi\CarMax.WebApi.csproj", "{A1607F43-FBBC-44EC-8377-7CBEC73EA14D}"
EndProject
Project("{9A19103F-16F7-4668-BE54-9A1E7A4F7556}") = "CarMax.DI", "Implementations\CarMax.DI\CarMax.DI.csproj", "{25B7E72A-5D9F-4594-A8EA-934CBFDE47E2}"
EndProject
Project("{9A19103F-16F7-4668-BE54-9A1E7A4F7556}") = "Test.Domain", "Tests\Test.Domain\Test.Domain.csproj", "{4581A383-6717-4362-B858-685189C6D238}"
EndProject
Project("{9A19103F-16F7-4668-BE54-9A1E7A4F7556}") = "Test.Application", "Tests\Test.Application\Test.Application.csproj", "{901664AA-EC63-40F4-8B95-D4E4C28073C8}"
EndProject
Project("{9A19103F-16F7-4668-BE54-9A1E7A4F7556}") = "Test.Infrastructure", "Tests\Test.Infrastructure\Test.Infrastructure.csproj", "{C8B49D6E-C465-4324-9F32-60B9022D9E06}"
EndProject
Project("{9A19103F-16F7-4668-BE54-9A1E7A4F7556}") = "Test.Persistence", "Tests\Test.Persistence\Test.Persistence.csproj", "{36670647-0F7A-444A-AFF5-4B600382CB80}"
EndProject
Project("{9A19103F-16F7-4668-BE54-9A1E7A4F7556}") = "Test.WebApi", "Tests\Test.WebApi\Test.WebApi.csproj", "{0C7E16C5-3E77-420C-BDEE-76E9780D2655}"
EndProject
Global
	GlobalSection(SolutionConfigurationPlatforms) = preSolution
		Debug|Any CPU = Debug|Any CPU
		Release|Any CPU = Release|Any CPU
	EndGlobalSection
	GlobalSection(ProjectConfigurationPlatforms) = postSolution
		{5FC851BA-2D95-40A1-864F-05DC7391AF6C}.Debug|Any CPU.ActiveCfg = Debug|Any CPU
		{5FC851BA-2D95-40A1-864F-05DC7391AF6C}.Debug|Any CPU.Build.0 = Debug|Any CPU
		{5FC851BA-2D95-40A1-864F-05DC7391AF6C}.Release|Any CPU.ActiveCfg = Release|Any CPU
		{5FC851BA-2D95-40A1-864F-05DC7391AF6C}.Release|Any CPU.Build.0 = Release|Any CPU
		{1ADBD499-4108-4EA1-851A-1D805C3C95CC}.Debug|Any CPU.ActiveCfg = Debug|Any CPU
		{1ADBD499-4108-4EA1-851A-1D805C3C95CC}.Debug|Any CPU.Build.0 = Debug|Any CPU
		{1ADBD499-4108-4EA1-851A-1D805C3C95CC}.Release|Any CPU.ActiveCfg = Release|Any CPU
		{1ADBD499-4108-4EA1-851A-1D805C3C95CC}.Release|Any CPU.Build.0 = Release|Any CPU
		{EA8BDFAC-7DA9-4DCE-AAB0-D65A098FF250}.Debug|Any CPU.ActiveCfg = Debug|Any CPU
		{EA8BDFAC-7DA9-4DCE-AAB0-D65A098FF250}.Debug|Any CPU.Build.0 = Debug|Any CPU
		{EA8BDFAC-7DA9-4DCE-AAB0-D65A098FF250}.Release|Any CPU.ActiveCfg = Release|Any CPU
		{EA8BDFAC-7DA9-4DCE-AAB0-D65A098FF250}.Release|Any CPU.Build.0 = Release|Any CPU
		{C5B4DE9F-5326-4E7E-B32C-EAD1662AECA8}.Debug|Any CPU.ActiveCfg = Debug|Any CPU
		{C5B4DE9F-5326-4E7E-B32C-EAD1662AECA8}.Debug|Any CPU.Build.0 = Debug|Any CPU
		{C5B4DE9F-5326-4E7E-B32C-EAD1662AECA8}.Release|Any CPU.ActiveCfg = Release|Any CPU
		{C5B4DE9F-5326-4E7E-B32C-EAD1662AECA8}.Release|Any CPU.Build.0 = Release|Any CPU
		{A1607F43-FBBC-44EC-8377-7CBEC73EA14D}.Debug|Any CPU.ActiveCfg = Debug|Any CPU
		{A1607F43-FBBC-44EC-8377-7CBEC73EA14D}.Debug|Any CPU.Build.0 = Debug|Any CPU
		{A1607F43-FBBC-44EC-8377-7CBEC73EA14D}.Release|Any CPU.ActiveCfg = Release|Any CPU
		{A1607F43-FBBC-44EC-8377-7CBEC73EA14D}.Release|Any CPU.Build.0 = Release|Any CPU
		{25B7E72A-5D9F-4594-A8EA-934CBFDE47E2}.Debug|Any CPU.ActiveCfg = Debug|Any CPU
		{25B7E72A-5D9F-4594-A8EA-934CBFDE47E2}.Debug|Any CPU.Build.0 = Debug|Any CPU
		{25B7E72A-5D9F-4594-A8EA-934CBFDE47E2}.Release|Any CPU.ActiveCfg = Release|Any CPU
		{25B7E72A-5D9F-4594-A8EA-934CBFDE47E2}.Release|Any CPU.Build.0 = Release|Any CPU
		{4581A383-6717-4362-B858-685189C6D238}.Debug|Any CPU.ActiveCfg = Debug|Any CPU
		{4581A383-6717-4362-B858-685189C6D238}.Debug|Any CPU.Build.0 = Debug|Any CPU
		{4581A383-6717-4362-B858-685189C6D238}.Release|Any CPU.ActiveCfg = Release|Any CPU
		{4581A383-6717-4362-B858-685189C6D238}.Release|Any CPU.Build.0 = Release|Any CPU
		{901664AA-EC63-40F4-8B95-D4E4C28073C8}.Debug|Any CPU.ActiveCfg = Debug|Any CPU
		{901664AA-EC63-40F4-8B95-D4E4C28073C8}.Debug|Any CPU.Build.0 = Debug|Any CPU
		{901664AA-EC63-40F4-8B95-D4E4C28073C8}.Release|Any CPU.ActiveCfg = Release|Any CPU
		{901664AA-EC63-40F4-8B95-D4E4C28073C8}.Release|Any CPU.Build.0 = Release|Any CPU
		{C8B49D6E-C465-4324-9F32-60B9022D9E06}.Debug|Any CPU.ActiveCfg = Debug|Any CPU
		{C8B49D6E-C465-4324-9F32-60B9022D9E06}.Debug|Any CPU.Build.0 = Debug|Any CPU
		{C8B49D6E-C465-4324-9F32-60B9022D9E06}.Release|Any CPU.ActiveCfg = Release|Any CPU
		{C8B49D6E-C465-4324-9F32-60B9022D9E06}.Release|Any CPU.Build.0 = Release|Any CPU
		{36670647-0F7A-444A-AFF5-4B600382CB80}.Debug|Any CPU.ActiveCfg = Debug|Any CPU
		{36670647-0F7A-444A-AFF5-4B600382CB80}.Debug|Any CPU.Build.0 = Debug|Any CPU
		{36670647-0F7A-444A-AFF5-4B600382CB80}.Release|Any CPU.ActiveCfg = Release|Any CPU
		{36670647-0F7A-444A-AFF5-4B600382CB80}.Release|Any CPU.Build.0 = Release|Any CPU
		{0C7E16C5-3E77-420C-BDEE-76E9780D2655}.Debug|Any CPU.ActiveCfg = Debug|Any CPU
		{0C7E16C5-3E77-420C-BDEE-76E9780D2655}.Debug|Any CPU.Build.0 = Debug|Any CPU
		{0C7E16C5-3E77-420C-BDEE-76E9780D2655}.Release|Any CPU.ActiveCfg = Release|Any CPU
		{0C7E16C5-3E77-420C-BDEE-76E9780D2655}.Release|Any CPU.Build.0 = Release|Any CPU
	EndGlobalSection
	GlobalSection(SolutionProperties) = preSolution
		HideSolutionNode = FALSE
	EndGlobalSection
	GlobalSection(NestedProjects) = preSolution
		{5FC851BA-2D95-40A1-864F-05DC7391AF6C} = {B2D25783-8C83-4C08-8782-BD070FE6DE4F}
		{1ADBD499-4108-4EA1-851A-1D805C3C95CC} = {B2D25783-8C83-4C08-8782-BD070FE6DE4F}
		{EA8BDFAC-7DA9-4DCE-AAB0-D65A098FF250} = {93F93A7D-E1D4-4AFC-B407-C8796CCDB350}
		{C5B4DE9F-5326-4E7E-B32C-EAD1662AECA8} = {93F93A7D-E1D4-4AFC-B407-C8796CCDB350}
		{A1607F43-FBBC-44EC-8377-7CBEC73EA14D} = {481C6994-00D8-4659-8011-D1E4E94970D6}
		{25B7E72A-5D9F-4594-A8EA-934CBFDE47E2} = {93F93A7D-E1D4-4AFC-B407-C8796CCDB350}
		{4581A383-6717-4362-B858-685189C6D238} = {CFB3F115-CC9C-4F1D-9572-11DB58B27F75}
		{901664AA-EC63-40F4-8B95-D4E4C28073C8} = {CFB3F115-CC9C-4F1D-9572-11DB58B27F75}
		{C8B49D6E-C465-4324-9F32-60B9022D9E06} = {CFB3F115-CC9C-4F1D-9572-11DB58B27F75}
		{36670647-0F7A-444A-AFF5-4B600382CB80} = {CFB3F115-CC9C-4F1D-9572-11DB58B27F75}
		{0C7E16C5-3E77-420C-BDEE-76E9780D2655} = {CFB3F115-CC9C-4F1D-9572-11DB58B27F75}
	EndGlobalSection
	GlobalSection(ExtensibilityGlobals) = postSolution
		SolutionGuid = {1C2F00BF-1AC6-4925-8823-8EC1D793A85D}
	EndGlobalSection
EndGlobal
